Microsoft Visual Studio Solution File, Format Version 8.00
Project("{FAE04EC0-301F-11D3-BF4B-00C04F79EFBC}") = "CyverAss", "CyverAss.csproj", "{7F4510AF-80FD-4E8A-9616-3C08B0100D11}"
	ProjectSection(ProjectDependencies) = postProject
	EndProjectSection
EndProject
Global
	GlobalSection(SolutionConfiguration) = preSolution
		Debug = Debug
		Release = Release
	EndGlobalSection
	GlobalSection(ProjectConfiguration) = postSolution
		{7F4510AF-80FD-4E8A-9616-3C08B0100D11}.Debug.ActiveCfg = Debug|.NET
		{7F4510AF-80FD-4E8A-9616-3C08B0100D11}.Debug.Build.0 = Debug|.NET
		{7F4510AF-80FD-4E8A-9616-3C08B0100D11}.Release.ActiveCfg = Release|.NET
		{7F4510AF-80FD-4E8A-9616-3C08B0100D11}.Release.Build.0 = Release|.NET
	EndGlobalSection
	GlobalSection(ExtensibilityGlobals) = postSolution
	EndGlobalSection
	GlobalSection(ExtensibilityAddIns) = postSolution
	EndGlobalSection
EndGlobal
